// !$*UTF8*$!
{
	archiveVersion = 1;
	classes = {
	};
	objectVersion = 46;
	objects = {

/* Begin PBXBuildFile section */
		31E01C021D743DA60046A524 /* main.m in Sources */ = {isa = PBXBuildFile; fileRef = 31E01C011D743DA60046A524 /* main.m */; };
		31E01C051D743DA60046A524 /* AppDelegate.m in Sources */ = {isa = PBXBuildFile; fileRef = 31E01C041D743DA60046A524 /* AppDelegate.m */; };
		31E01C0B1D743DA70046A524 /* Main.storyboard in Resources */ = {isa = PBXBuildFile; fileRef = 31E01C091D743DA60046A524 /* Main.storyboard */; };
		31E01C0D1D743DA70046A524 /* Assets.xcassets in Resources */ = {isa = PBXBuildFile; fileRef = 31E01C0C1D743DA70046A524 /* Assets.xcassets */; };
		31E01C101D743DA70046A524 /* LaunchScreen.storyboard in Resources */ = {isa = PBXBuildFile; fileRef = 31E01C0E1D743DA70046A524 /* LaunchScreen.storyboard */; };
		31E01C1B1D743DA70046A524 /* CoreDataDemoTests.m in Sources */ = {isa = PBXBuildFile; fileRef = 31E01C1A1D743DA70046A524 /* CoreDataDemoTests.m */; };
		AC741A8D1D746FD900C33F35 /* seed.json in Resources */ = {isa = PBXBuildFile; fileRef = AC741A8C1D746FD900C33F35 /* seed.json */; };
		AC741ACD1D7471FA00C33F35 /* PhotoTableViewController.m in Sources */ = {isa = PBXBuildFile; fileRef = AC741ACC1D7471FA00C33F35 /* PhotoTableViewController.m */; };
		AC741AD01D74720600C33F35 /* CategoryTableViewController.m in Sources */ = {isa = PBXBuildFile; fileRef = AC741ACF1D74720600C33F35 /* CategoryTableViewController.m */; };
		AC741AD41D74735100C33F35 /* CoreDataStack.m in Sources */ = {isa = PBXBuildFile; fileRef = AC741AD31D74735100C33F35 /* CoreDataStack.m */; };
		AC741AD71D74738B00C33F35 /* Model.xcdatamodeld in Sources */ = {isa = PBXBuildFile; fileRef = AC741AD51D74738B00C33F35 /* Model.xcdatamodeld */; };
		AC741AE81D770F8B00C33F35 /* PhotoViewCell.m in Sources */ = {isa = PBXBuildFile; fileRef = AC741AE71D770F8B00C33F35 /* PhotoViewCell.m */; };
		AC741AEB1D77153E00C33F35 /* PhotoDetailViewController.m in Sources */ = {isa = PBXBuildFile; fileRef = AC741AEA1D77153E00C33F35 /* PhotoDetailViewController.m */; };
		AC741FB31D78859700C33F35 /* scenery_01.jpg in Resources */ = {isa = PBXBuildFile; fileRef = AC741FA41D78859700C33F35 /* scenery_01.jpg */; };
		AC741FB41D78859700C33F35 /* scenery_02.jpg in Resources */ = {isa = PBXBuildFile; fileRef = AC741FA51D78859700C33F35 /* scenery_02.jpg */; };
		AC741FB51D78859700C33F35 /* scenery_03.jpg in Resources */ = {isa = PBXBuildFile; fileRef = AC741FA61D78859700C33F35 /* scenery_03.jpg */; };
		AC741FB61D78859700C33F35 /* scenery_04.jpg in Resources */ = {isa = PBXBuildFile; fileRef = AC741FA71D78859700C33F35 /* scenery_04.jpg */; };
		AC741FB71D78859700C33F35 /* scenery_05.jpg in Resources */ = {isa = PBXBuildFile; fileRef = AC741FA81D78859700C33F35 /* scenery_05.jpg */; };
		AC741FB81D78859700C33F35 /* scenery_06.jpg in Resources */ = {isa = PBXBuildFile; fileRef = AC741FA91D78859700C33F35 /* scenery_06.jpg */; };
		AC741FB91D78859700C33F35 /* scenery_07.jpg in Resources */ = {isa = PBXBuildFile; fileRef = AC741FAA1D78859700C33F35 /* scenery_07.jpg */; };
		AC741FBA1D78859700C33F35 /* scenery_08.jpg in Resources */ = {isa = PBXBuildFile; fileRef = AC741FAB1D78859700C33F35 /* scenery_08.jpg */; };
		AC741FBB1D78859700C33F35 /* scenery_09.jpg in Resources */ = {isa = PBXBuildFile; fileRef = AC741FAC1D78859700C33F35 /* scenery_09.jpg */; };
		AC741FBC1D78859700C33F35 /* scenery_10.jpg in Resources */ = {isa = PBXBuildFile; fileRef = AC741FAD1D78859700C33F35 /* scenery_10.jpg */; };
		AC741FBD1D78859700C33F35 /* scenery_11.jpg in Resources */ = {isa = PBXBuildFile; fileRef = AC741FAE1D78859700C33F35 /* scenery_11.jpg */; };
		AC741FBE1D78859700C33F35 /* scenery_12.jpg in Resources */ = {isa = PBXBuildFile; fileRef = AC741FAF1D78859700C33F35 /* scenery_12.jpg */; };
		AC741FC01D78859700C33F35 /* scenery_13.jpg in Resources */ = {isa = PBXBuildFile; fileRef = AC741FB11D78859700C33F35 /* scenery_13.jpg */; };
		AC741FC11D78859700C33F35 /* scenery_14.jpg in Resources */ = {isa = PBXBuildFile; fileRef = AC741FB21D78859700C33F35 /* scenery_14.jpg */; };
		AC741FE01D7AB23B00C33F35 /* Usage+CoreDataProperties.m in Sources */ = {isa = PBXBuildFile; fileRef = AC741FD91D7AB23B00C33F35 /* Usage+CoreDataProperties.m */; };
		AC741FE11D7AB23B00C33F35 /* Usage.m in Sources */ = {isa = PBXBuildFile; fileRef = AC741FDB1D7AB23B00C33F35 /* Usage.m */; };
		AC741FE21D7AB23B00C33F35 /* Photo+CoreDataProperties.m in Sources */ = {isa = PBXBuildFile; fileRef = AC741FDD1D7AB23B00C33F35 /* Photo+CoreDataProperties.m */; };
		AC741FE31D7AB23B00C33F35 /* Photo.m in Sources */ = {isa = PBXBuildFile; fileRef = AC741FDF1D7AB23B00C33F35 /* Photo.m */; };
/* End PBXBuildFile section */

/* Begin PBXContainerItemProxy section */
		31E01C171D743DA70046A524 /* PBXContainerItemProxy */ = {
			isa = PBXContainerItemProxy;
			containerPortal = 31E01BF51D743DA60046A524 /* Project object */;
			proxyType = 1;
			remoteGlobalIDString = 31E01BFC1D743DA60046A524;
			remoteInfo = CoreDataDemo;
		};
/* End PBXContainerItemProxy section */

/* Begin PBXFileReference section */
		31E01BFD1D743DA60046A524 /* CoreDataDemo.app */ = {isa = PBXFileReference; explicitFileType = wrapper.application; includeInIndex = 0; path = CoreDataDemo.app; sourceTree = BUILT_PRODUCTS_DIR; };
		31E01C011D743DA60046A524 /* main.m */ = {isa = PBXFileReference; lastKnownFileType = sourcecode.c.objc; path = main.m; sourceTree = "<group>"; };
		31E01C031D743DA60046A524 /* AppDelegate.h */ = {isa = PBXFileReference; lastKnownFileType = sourcecode.c.h; path = AppDelegate.h; sourceTree = "<group>"; };
		31E01C041D743DA60046A524 /* AppDelegate.m */ = {isa = PBXFileReference; lastKnownFileType = sourcecode.c.objc; path = AppDelegate.m; sourceTree = "<group>"; };
		31E01C0A1D743DA70046A524 /* Base */ = {isa = PBXFileReference; lastKnownFileType = file.storyboard; name = Base; path = Base.lproj/Main.storyboard; sourceTree = "<group>"; };
		31E01C0C1D743DA70046A524 /* Assets.xcassets */ = {isa = PBXFileReference; lastKnownFileType = folder.assetcatalog; path = Assets.xcassets; sourceTree = "<group>"; };
		31E01C0F1D743DA70046A524 /* Base */ = {isa = PBXFileReference; lastKnownFileType = file.storyboard; name = Base; path = Base.lproj/LaunchScreen.storyboard; sourceTree = "<group>"; };
		31E01C111D743DA70046A524 /* Info.plist */ = {isa = PBXFileReference; lastKnownFileType = text.plist.xml; path = Info.plist; sourceTree = "<group>"; };
		31E01C161D743DA70046A524 /* CoreDataDemoTests.xctest */ = {isa = PBXFileReference; explicitFileType = wrapper.cfbundle; includeInIndex = 0; path = CoreDataDemoTests.xctest; sourceTree = BUILT_PRODUCTS_DIR; };
		31E01C1A1D743DA70046A524 /* CoreDataDemoTests.m */ = {isa = PBXFileReference; lastKnownFileType = sourcecode.c.objc; path = CoreDataDemoTests.m; sourceTree = "<group>"; };
		31E01C1C1D743DA70046A524 /* Info.plist */ = {isa = PBXFileReference; lastKnownFileType = text.plist.xml; path = Info.plist; sourceTree = "<group>"; };
		AC741A8C1D746FD900C33F35 /* seed.json */ = {isa = PBXFileReference; fileEncoding = 4; lastKnownFileType = text.json; path = seed.json; sourceTree = "<group>"; };
		AC741ACB1D7471FA00C33F35 /* PhotoTableViewController.h */ = {isa = PBXFileReference; fileEncoding = 4; lastKnownFileType = sourcecode.c.h; path = PhotoTableViewController.h; sourceTree = "<group>"; };
		AC741ACC1D7471FA00C33F35 /* PhotoTableViewController.m */ = {isa = PBXFileReference; fileEncoding = 4; lastKnownFileType = sourcecode.c.objc; path = PhotoTableViewController.m; sourceTree = "<group>"; };
		AC741ACE1D74720600C33F35 /* CategoryTableViewController.h */ = {isa = PBXFileReference; fileEncoding = 4; lastKnownFileType = sourcecode.c.h; path = CategoryTableViewController.h; sourceTree = "<group>"; };
		AC741ACF1D74720600C33F35 /* CategoryTableViewController.m */ = {isa = PBXFileReference; fileEncoding = 4; lastKnownFileType = sourcecode.c.objc; path = CategoryTableViewController.m; sourceTree = "<group>"; };
		AC741AD21D74735100C33F35 /* CoreDataStack.h */ = {isa = PBXFileReference; fileEncoding = 4; lastKnownFileType = sourcecode.c.h; path = CoreDataStack.h; sourceTree = "<group>"; };
		AC741AD31D74735100C33F35 /* CoreDataStack.m */ = {isa = PBXFileReference; fileEncoding = 4; lastKnownFileType = sourcecode.c.objc; path = CoreDataStack.m; sourceTree = "<group>"; };
		AC741AD61D74738B00C33F35 /* Model.xcdatamodel */ = {isa = PBXFileReference; lastKnownFileType = wrapper.xcdatamodel; path = Model.xcdatamodel; sourceTree = "<group>"; };
		AC741AE61D770F8B00C33F35 /* PhotoViewCell.h */ = {isa = PBXFileReference; fileEncoding = 4; lastKnownFileType = sourcecode.c.h; path = PhotoViewCell.h; sourceTree = "<group>"; };
		AC741AE71D770F8B00C33F35 /* PhotoViewCell.m */ = {isa = PBXFileReference; fileEncoding = 4; lastKnownFileType = sourcecode.c.objc; path = PhotoViewCell.m; sourceTree = "<group>"; };
		AC741AE91D77153E00C33F35 /* PhotoDetailViewController.h */ = {isa = PBXFileReference; fileEncoding = 4; lastKnownFileType = sourcecode.c.h; path = PhotoDetailViewController.h; sourceTree = "<group>"; };
		AC741AEA1D77153E00C33F35 /* PhotoDetailViewController.m */ = {isa = PBXFileReference; fileEncoding = 4; lastKnownFileType = sourcecode.c.objc; path = PhotoDetailViewController.m; sourceTree = "<group>"; };
		AC741FA41D78859700C33F35 /* scenery_01.jpg */ = {isa = PBXFileReference; lastKnownFileType = image.jpeg; path = scenery_01.jpg; sourceTree = "<group>"; };
		AC741FA51D78859700C33F35 /* scenery_02.jpg */ = {isa = PBXFileReference; lastKnownFileType = image.jpeg; path = scenery_02.jpg; sourceTree = "<group>"; };
		AC741FA61D78859700C33F35 /* scenery_03.jpg */ = {isa = PBXFileReference; lastKnownFileType = image.jpeg; path = scenery_03.jpg; sourceTree = "<group>"; };
		AC741FA71D78859700C33F35 /* scenery_04.jpg */ = {isa = PBXFileReference; lastKnownFileType = image.jpeg; path = scenery_04.jpg; sourceTree = "<group>"; };
		AC741FA81D78859700C33F35 /* scenery_05.jpg */ = {isa = PBXFileReference; lastKnownFileType = image.jpeg; path = scenery_05.jpg; sourceTree = "<group>"; };
		AC741FA91D78859700C33F35 /* scenery_06.jpg */ = {isa = PBXFileReference; lastKnownFileType = image.jpeg; path = scenery_06.jpg; sourceTree = "<group>"; };
		AC741FAA1D78859700C33F35 /* scenery_07.jpg */ = {isa = PBXFileReference; lastKnownFileType = image.jpeg; path = scenery_07.jpg; sourceTree = "<group>"; };
		AC741FAB1D78859700C33F35 /* scenery_08.jpg */ = {isa = PBXFileReference; lastKnownFileType = image.jpeg; path = scenery_08.jpg; sourceTree = "<group>"; };
		AC741FAC1D78859700C33F35 /* scenery_09.jpg */ = {isa = PBXFileReference; lastKnownFileType = image.jpeg; path = scenery_09.jpg; sourceTree = "<group>"; };
		AC741FAD1D78859700C33F35 /* scenery_10.jpg */ = {isa = PBXFileReference; lastKnownFileType = image.jpeg; path = scenery_10.jpg; sourceTree = "<group>"; };
		AC741FAE1D78859700C33F35 /* scenery_11.jpg */ = {isa = PBXFileReference; lastKnownFileType = image.jpeg; path = scenery_11.jpg; sourceTree = "<group>"; };
		AC741FAF1D78859700C33F35 /* scenery_12.jpg */ = {isa = PBXFileReference; lastKnownFileType = image.jpeg; path = scenery_12.jpg; sourceTree = "<group>"; };
		AC741FB11D78859700C33F35 /* scenery_13.jpg */ = {isa = PBXFileReference; lastKnownFileType = image.jpeg; path = scenery_13.jpg; sourceTree = "<group>"; };
		AC741FB21D78859700C33F35 /* scenery_14.jpg */ = {isa = PBXFileReference; lastKnownFileType = image.jpeg; path = scenery_14.jpg; sourceTree = "<group>"; };
		AC741FD81D7AB23B00C33F35 /* Usage+CoreDataProperties.h */ = {isa = PBXFileReference; fileEncoding = 4; lastKnownFileType = sourcecode.c.h; path = "Usage+CoreDataProperties.h"; sourceTree = "<group>"; };
		AC741FD91D7AB23B00C33F35 /* Usage+CoreDataProperties.m */ = {isa = PBXFileReference; fileEncoding = 4; lastKnownFileType = sourcecode.c.objc; path = "Usage+CoreDataProperties.m"; sourceTree = "<group>"; };
		AC741FDA1D7AB23B00C33F35 /* Usage.h */ = {isa = PBXFileReference; fileEncoding = 4; lastKnownFileType = sourcecode.c.h; path = Usage.h; sourceTree = "<group>"; };
		AC741FDB1D7AB23B00C33F35 /* Usage.m */ = {isa = PBXFileReference; fileEncoding = 4; lastKnownFileType = sourcecode.c.objc; path = Usage.m; sourceTree = "<group>"; };
		AC741FDC1D7AB23B00C33F35 /* Photo+CoreDataProperties.h */ = {isa = PBXFileReference; fileEncoding = 4; lastKnownFileType = sourcecode.c.h; path = "Photo+CoreDataProperties.h"; sourceTree = "<group>"; };
		AC741FDD1D7AB23B00C33F35 /* Photo+CoreDataProperties.m */ = {isa = PBXFileReference; fileEncoding = 4; lastKnownFileType = sourcecode.c.objc; path = "Photo+CoreDataProperties.m"; sourceTree = "<group>"; };
		AC741FDE1D7AB23B00C33F35 /* Photo.h */ = {isa = PBXFileReference; fileEncoding = 4; lastKnownFileType = sourcecode.c.h; path = Photo.h; sourceTree = "<group>"; };
		AC741FDF1D7AB23B00C33F35 /* Photo.m */ = {isa = PBXFileReference; fileEncoding = 4; lastKnownFileType = sourcecode.c.objc; path = Photo.m; sourceTree = "<group>"; };
/* End PBXFileReference section */

/* Begin PBXFrameworksBuildPhase section */
		31E01BFA1D743DA60046A524 /* Frameworks */ = {
			isa = PBXFrameworksBuildPhase;
			buildActionMask = 2147483647;
			files = (
			);
			runOnlyForDeploymentPostprocessing = 0;
		};
		31E01C131D743DA70046A524 /* Frameworks */ = {
			isa = PBXFrameworksBuildPhase;
			buildActionMask = 2147483647;
			files = (
			);
			runOnlyForDeploymentPostprocessing = 0;
		};
/* End PBXFrameworksBuildPhase section */

/* Begin PBXGroup section */
		31E01BF41D743DA60046A524 = {
			isa = PBXGroup;
			children = (
				31E01BFF1D743DA60046A524 /* CoreDataDemo */,
				31E01C191D743DA70046A524 /* CoreDataDemoTests */,
				31E01BFE1D743DA60046A524 /* Products */,
			);
			sourceTree = "<group>";
		};
		31E01BFE1D743DA60046A524 /* Products */ = {
			isa = PBXGroup;
			children = (
				31E01BFD1D743DA60046A524 /* CoreDataDemo.app */,
				31E01C161D743DA70046A524 /* CoreDataDemoTests.xctest */,
			);
			name = Products;
			sourceTree = "<group>";
		};
		31E01BFF1D743DA60046A524 /* CoreDataDemo */ = {
			isa = PBXGroup;
			children = (
				31E01C031D743DA60046A524 /* AppDelegate.h */,
				31E01C041D743DA60046A524 /* AppDelegate.m */,
				AC741AD11D74731400C33F35 /* General */,
				AC741A8E1D74707500C33F35 /* Models */,
				AC741A911D74707500C33F35 /* Views */,
				AC741A901D74707500C33F35 /* ViewControllers */,
				31E01C001D743DA60046A524 /* Supporting Files */,
			);
			path = CoreDataDemo;
			sourceTree = "<group>";
		};
		31E01C001D743DA60046A524 /* Supporting Files */ = {
			isa = PBXGroup;
			children = (
				AC741A8C1D746FD900C33F35 /* seed.json */,
				31E01C091D743DA60046A524 /* Main.storyboard */,
				31E01C0C1D743DA70046A524 /* Assets.xcassets */,
				31E01C0E1D743DA70046A524 /* LaunchScreen.storyboard */,
				31E01C111D743DA70046A524 /* Info.plist */,
				31E01C011D743DA60046A524 /* main.m */,
				AC741AD51D74738B00C33F35 /* Model.xcdatamodeld */,
				AC741FA31D78859700C33F35 /* scenery */,
			);
			name = "Supporting Files";
			sourceTree = "<group>";
		};
		31E01C191D743DA70046A524 /* CoreDataDemoTests */ = {
			isa = PBXGroup;
			children = (
				31E01C1A1D743DA70046A524 /* CoreDataDemoTests.m */,
				31E01C1C1D743DA70046A524 /* Info.plist */,
			);
			path = CoreDataDemoTests;
			sourceTree = "<group>";
		};
		AC741A8E1D74707500C33F35 /* Models */ = {
			isa = PBXGroup;
			children = (
				AC741FD81D7AB23B00C33F35 /* Usage+CoreDataProperties.h */,
				AC741FD91D7AB23B00C33F35 /* Usage+CoreDataProperties.m */,
				AC741FDA1D7AB23B00C33F35 /* Usage.h */,
				AC741FDB1D7AB23B00C33F35 /* Usage.m */,
				AC741FDC1D7AB23B00C33F35 /* Photo+CoreDataProperties.h */,
				AC741FDD1D7AB23B00C33F35 /* Photo+CoreDataProperties.m */,
				AC741FDE1D7AB23B00C33F35 /* Photo.h */,
				AC741FDF1D7AB23B00C33F35 /* Photo.m */,
			);
			path = Models;
			sourceTree = "<group>";
		};
		AC741A901D74707500C33F35 /* ViewControllers */ = {
			isa = PBXGroup;
			children = (
				AC741ACB1D7471FA00C33F35 /* PhotoTableViewController.h */,
				AC741ACC1D7471FA00C33F35 /* PhotoTableViewController.m */,
				AC741ACE1D74720600C33F35 /* CategoryTableViewController.h */,
				AC741ACF1D74720600C33F35 /* CategoryTableViewController.m */,
				AC741AE91D77153E00C33F35 /* PhotoDetailViewController.h */,
				AC741AEA1D77153E00C33F35 /* PhotoDetailViewController.m */,
			);
			path = ViewControllers;
			sourceTree = "<group>";
		};
		AC741A911D74707500C33F35 /* Views */ = {
			isa = PBXGroup;
			children = (
				AC741AE61D770F8B00C33F35 /* PhotoViewCell.h */,
				AC741AE71D770F8B00C33F35 /* PhotoViewCell.m */,
			);
			path = Views;
			sourceTree = "<group>";
		};
		AC741AD11D74731400C33F35 /* General */ = {
			isa = PBXGroup;
			children = (
				AC741AD21D74735100C33F35 /* CoreDataStack.h */,
				AC741AD31D74735100C33F35 /* CoreDataStack.m */,
			);
			path = General;
			sourceTree = "<group>";
		};
		AC741FA31D78859700C33F35 /* scenery */ = {
			isa = PBXGroup;
			children = (
				AC741FA41D78859700C33F35 /* scenery_01.jpg */,
				AC741FA51D78859700C33F35 /* scenery_02.jpg */,
				AC741FA61D78859700C33F35 /* scenery_03.jpg */,
				AC741FA71D78859700C33F35 /* scenery_04.jpg */,
				AC741FA81D78859700C33F35 /* scenery_05.jpg */,
				AC741FA91D78859700C33F35 /* scenery_06.jpg */,
				AC741FAA1D78859700C33F35 /* scenery_07.jpg */,
				AC741FAB1D78859700C33F35 /* scenery_08.jpg */,
				AC741FAC1D78859700C33F35 /* scenery_09.jpg */,
				AC741FAD1D78859700C33F35 /* scenery_10.jpg */,
				AC741FAE1D78859700C33F35 /* scenery_11.jpg */,
				AC741FAF1D78859700C33F35 /* scenery_12.jpg */,
				AC741FB11D78859700C33F35 /* scenery_13.jpg */,
				AC741FB21D78859700C33F35 /* scenery_14.jpg */,
			);
			path = scenery;
			sourceTree = "<group>";
		};
/* End PBXGroup section */

/* Begin PBXNativeTarget section */
		31E01BFC1D743DA60046A524 /* CoreDataDemo */ = {
			isa = PBXNativeTarget;
			buildConfigurationList = 31E01C1F1D743DA70046A524 /* Build configuration list for PBXNativeTarget "CoreDataDemo" */;
			buildPhases = (
				31E01BF91D743DA60046A524 /* Sources */,
				31E01BFA1D743DA60046A524 /* Frameworks */,
				31E01BFB1D743DA60046A524 /* Resources */,
			);
			buildRules = (
			);
			dependencies = (
			);
			name = CoreDataDemo;
			productName = CoreDataDemo;
			productReference = 31E01BFD1D743DA60046A524 /* CoreDataDemo.app */;
			productType = "com.apple.product-type.application";
		};
		31E01C151D743DA70046A524 /* CoreDataDemoTests */ = {
			isa = PBXNativeTarget;
			buildConfigurationList = 31E01C221D743DA70046A524 /* Build configuration list for PBXNativeTarget "CoreDataDemoTests" */;
			buildPhases = (
				31E01C121D743DA70046A524 /* Sources */,
				31E01C131D743DA70046A524 /* Frameworks */,
				31E01C141D743DA70046A524 /* Resources */,
			);
			buildRules = (
			);
			dependencies = (
				31E01C181D743DA70046A524 /* PBXTargetDependency */,
			);
			name = CoreDataDemoTests;
			productName = CoreDataDemoTests;
			productReference = 31E01C161D743DA70046A524 /* CoreDataDemoTests.xctest */;
			productType = "com.apple.product-type.bundle.unit-test";
		};
/* End PBXNativeTarget section */

/* Begin PBXProject section */
		31E01BF51D743DA60046A524 /* Project object */ = {
			isa = PBXProject;
			attributes = {
				LastUpgradeCheck = 0730;
				ORGANIZATIONNAME = LinPeihuang;
				TargetAttributes = {
					31E01BFC1D743DA60046A524 = {
						CreatedOnToolsVersion = 7.3.1;
					};
					31E01C151D743DA70046A524 = {
						CreatedOnToolsVersion = 7.3.1;
						TestTargetID = 31E01BFC1D743DA60046A524;
					};
				};
			};
			buildConfigurationList = 31E01BF81D743DA60046A524 /* Build configuration list for PBXProject "CoreDataDemo" */;
			compatibilityVersion = "Xcode 3.2";
			developmentRegion = English;
			hasScannedForEncodings = 0;
			knownRegions = (
				en,
				Base,
			);
			mainGroup = 31E01BF41D743DA60046A524;
			productRefGroup = 31E01BFE1D743DA60046A524 /* Products */;
			projectDirPath = "";
			projectRoot = "";
			targets = (
				31E01BFC1D743DA60046A524 /* CoreDataDemo */,
				31E01C151D743DA70046A524 /* CoreDataDemoTests */,
			);
		};
/* End PBXProject section */

/* Begin PBXResourcesBuildPhase section */
		31E01BFB1D743DA60046A524 /* Resources */ = {
			isa = PBXResourcesBuildPhase;
			buildActionMask = 2147483647;
			files = (
				AC741FC11D78859700C33F35 /* scenery_14.jpg in Resources */,
				AC741FC01D78859700C33F35 /* scenery_13.jpg in Resources */,
				31E01C101D743DA70046A524 /* LaunchScreen.storyboard in Resources */,
				AC741FBA1D78859700C33F35 /* scenery_08.jpg in Resources */,
				AC741FB81D78859700C33F35 /* scenery_06.jpg in Resources */,
				AC741FBB1D78859700C33F35 /* scenery_09.jpg in Resources */,
				AC741FB71D78859700C33F35 /* scenery_05.jpg in Resources */,
				AC741FB61D78859700C33F35 /* scenery_04.jpg in Resources */,
				AC741FBD1D78859700C33F35 /* scenery_11.jpg in Resources */,
				AC741FB41D78859700C33F35 /* scenery_02.jpg in Resources */,
				AC741FBE1D78859700C33F35 /* scenery_12.jpg in Resources */,
				AC741FB31D78859700C33F35 /* scenery_01.jpg in Resources */,
				31E01C0D1D743DA70046A524 /* Assets.xcassets in Resources */,
				AC741FB91D78859700C33F35 /* scenery_07.jpg in Resources */,
				AC741A8D1D746FD900C33F35 /* seed.json in Resources */,
				31E01C0B1D743DA70046A524 /* Main.storyboard in Resources */,
				AC741FBC1D78859700C33F35 /* scenery_10.jpg in Resources */,
				AC741FB51D78859700C33F35 /* scenery_03.jpg in Resources */,
			);
			runOnlyForDeploymentPostprocessing = 0;
		};
		31E01C141D743DA70046A524 /* Resources */ = {
			isa = PBXResourcesBuildPhase;
			buildActionMask = 2147483647;
			files = (
			);
			runOnlyForDeploymentPostprocessing = 0;
		};
/* End PBXResourcesBuildPhase section */

/* Begin PBXSourcesBuildPhase section */
		31E01BF91D743DA60046A524 /* Sources */ = {
			isa = PBXSourcesBuildPhase;
			buildActionMask = 2147483647;
			files = (
				AC741FE31D7AB23B00C33F35 /* Photo.m in Sources */,
				AC741AD41D74735100C33F35 /* CoreDataStack.m in Sources */,
				AC741AEB1D77153E00C33F35 /* PhotoDetailViewController.m in Sources */,
				31E01C051D743DA60046A524 /* AppDelegate.m in Sources */,
				AC741AD71D74738B00C33F35 /* Model.xcdatamodeld in Sources */,
				AC741AE81D770F8B00C33F35 /* PhotoViewCell.m in Sources */,
				AC741FE01D7AB23B00C33F35 /* Usage+CoreDataProperties.m in Sources */,
				AC741FE21D7AB23B00C33F35 /* Photo+CoreDataProperties.m in Sources */,
				31E01C021D743DA60046A524 /* main.m in Sources */,
				AC741ACD1D7471FA00C33F35 /* PhotoTableViewController.m in Sources */,
				AC741AD01D74720600C33F35 /* CategoryTableViewController.m in Sources */,
				AC741FE11D7AB23B00C33F35 /* Usage.m in Sources */,
			);
			runOnlyForDeploymentPostprocessing = 0;
		};
		31E01C121D743DA70046A524 /* Sources */ = {
			isa = PBXSourcesBuildPhase;
			buildActionMask = 2147483647;
			files = (
				31E01C1B1D743DA70046A524 /* CoreDataDemoTests.m in Sources */,
			);
			runOnlyForDeploymentPostprocessing = 0;
		};
/* End PBXSourcesBuildPhase section */

/* Begin PBXTargetDependency section */
		31E01C181D743DA70046A524 /* PBXTargetDependency */ = {
			isa = PBXTargetDependency;
			target = 31E01BFC1D743DA60046A524 /* CoreDataDemo */;
			targetProxy = 31E01C171D743DA70046A524 /* PBXContainerItemProxy */;
		};
/* End PBXTargetDependency section */

/* Begin PBXVariantGroup section */
		31E01C091D743DA60046A524 /* Main.storyboard */ = {
			isa = PBXVariantGroup;
			children = (
				31E01C0A1D743DA70046A524 /* Base */,
			);
			name = Main.storyboard;
			sourceTree = "<group>";
		};
		31E01C0E1D743DA70046A524 /* LaunchScreen.storyboard */ = {
			isa = PBXVariantGroup;
			children = (
				31E01C0F1D743DA70046A524 /* Base */,
			);
			name = LaunchScreen.storyboard;
			sourceTree = "<group>";
		};
/* End PBXVariantGroup section */

/* Begin XCBuildConfiguration section */
		31E01C1D1D743DA70046A524 /* Debug */ = {
			isa = XCBuildConfiguration;
			buildSettings = {
				ALWAYS_SEARCH_USER_PATHS = NO;
				CLANG_ANALYZER_NONNULL = YES;
				CLANG_CXX_LANGUAGE_STANDARD = "gnu++0x";
				CLANG_CXX_LIBRARY = "libc++";
				CLANG_ENABLE_MODULES = YES;
				CLANG_ENABLE_OBJC_ARC = YES;
				CLANG_WARN_BOOL_CONVERSION = YES;
				CLANG_WARN_CONSTANT_CONVERSION = YES;
				CLANG_WARN_DIRECT_OBJC_ISA_USAGE = YES_ERROR;
				CLANG_WARN_EMPTY_BODY = YES;
				CLANG_WARN_ENUM_CONVERSION = YES;
				CLANG_WARN_INT_CONVERSION = YES;
				CLANG_WARN_OBJC_ROOT_CLASS = YES_ERROR;
				CLANG_WARN_UNREACHABLE_CODE = YES;
				CLANG_WARN__DUPLICATE_METHOD_MATCH = YES;
				"CODE_SIGN_IDENTITY[sdk=iphoneos*]" = "iPhone Developer";
				COPY_PHASE_STRIP = NO;
				DEBUG_INFORMATION_FORMAT = dwarf;
				ENABLE_STRICT_OBJC_MSGSEND = YES;
				ENABLE_TESTABILITY = YES;
				GCC_C_LANGUAGE_STANDARD = gnu99;
				GCC_DYNAMIC_NO_PIC = NO;
				GCC_NO_COMMON_BLOCKS = YES;
				GCC_OPTIMIZATION_LEVEL = 0;
				GCC_PREPROCESSOR_DEFINITIONS = (
					"DEBUG=1",
					"$(inherited)",
				);
				GCC_WARN_64_TO_32_BIT_CONVERSION = YES;
				GCC_WARN_ABOUT_RETURN_TYPE = YES_ERROR;
				GCC_WARN_UNDECLARED_SELECTOR = YES;
				GCC_WARN_UNINITIALIZED_AUTOS = YES_AGGRESSIVE;
				GCC_WARN_UNUSED_FUNCTION = YES;
				GCC_WARN_UNUSED_VARIABLE = YES;
				IPHONEOS_DEPLOYMENT_TARGET = 9.3;
				MTL_ENABLE_DEBUG_INFO = YES;
				ONLY_ACTIVE_ARCH = YES;
				PROVISIONING_PROFILE = "ca23f8b9-091b-49e3-b5a9-c6b2fb101eae";
				SDKROOT = iphoneos;
			};
			name = Debug;
		};
		31E01C1E1D743DA70046A524 /* Release */ = {
			isa = XCBuildConfiguration;
			buildSettings = {
				ALWAYS_SEARCH_USER_PATHS = NO;
				CLANG_ANALYZER_NONNULL = YES;
				CLANG_CXX_LANGUAGE_STANDARD = "gnu++0x";
				CLANG_CXX_LIBRARY = "libc++";
				CLANG_ENABLE_MODULES = YES;
				CLANG_ENABLE_OBJC_ARC = YES;
				CLANG_WARN_BOOL_CONVERSION = YES;
				CLANG_WARN_CONSTANT_CONVERSION = YES;
				CLANG_WARN_DIRECT_OBJC_ISA_USAGE = YES_ERROR;
				CLANG_WARN_EMPTY_BODY = YES;
				CLANG_WARN_ENUM_CONVERSION = YES;
				CLANG_WARN_INT_CONVERSION = YES;
				CLANG_WARN_OBJC_ROOT_CLASS = YES_ERROR;
				CLANG_WARN_UNREACHABLE_CODE = YES;
				CLANG_WARN__DUPLICATE_METHOD_MATCH = YES;
				"CODE_SIGN_IDENTITY[sdk=iphoneos*]" = "iPhone Developer";
				COPY_PHASE_STRIP = NO;
				DEBUG_INFORMATION_FORMAT = "dwarf-with-dsym";
				ENABLE_NS_ASSERTIONS = NO;
				ENABLE_STRICT_OBJC_MSGSEND = YES;
				GCC_C_LANGUAGE_STANDARD = gnu99;
				GCC_NO_COMMON_BLOCKS = YES;
				GCC_WARN_64_TO_32_BIT_CONVERSION = YES;
				GCC_WARN_ABOUT_RETURN_TYPE = YES_ERROR;
				GCC_WARN_UNDECLARED_SELECTOR = YES;
				GCC_WARN_UNINITIALIZED_AUTOS = YES_AGGRESSIVE;
				GCC_WARN_UNUSED_FUNCTION = YES;
				GCC_WARN_UNUSED_VARIABLE = YES;
				IPHONEOS_DEPLOYMENT_TARGET = 9.3;
				MTL_ENABLE_DEBUG_INFO = NO;
				PROVISIONING_PROFILE = "ca23f8b9-091b-49e3-b5a9-c6b2fb101eae";
				SDKROOT = iphoneos;
				VALIDATE_PRODUCT = YES;
			};
			name = Release;
		};
		31E01C201D743DA70046A524 /* Debug */ = {
			isa = XCBuildConfiguration;
			buildSettings = {
				ASSETCATALOG_COMPILER_APPICON_NAME = AppIcon;
				INFOPLIST_FILE = CoreDataDemo/Info.plist;
				IPHONEOS_DEPLOYMENT_TARGET = 7.0;
				LD_RUNPATH_SEARCH_PATHS = "$(inherited) @executable_path/Frameworks";
				PRODUCT_BUNDLE_IDENTIFIER = com.meitu.CoreDataDemo;
				PRODUCT_NAME = "$(TARGET_NAME)";
				PROVISIONING_PROFILE = "ca23f8b9-091b-49e3-b5a9-c6b2fb101eae";
			};
			name = Debug;
		};
		31E01C211D743DA70046A524 /* Release */ = {
			isa = XCBuildConfiguration;
			buildSettings = {
				ASSETCATALOG_COMPILER_APPICON_NAME = AppIcon;
				INFOPLIST_FILE = CoreDataDemo/Info.plist;
				IPHONEOS_DEPLOYMENT_TARGET = 7.0;
				LD_RUNPATH_SEARCH_PATHS = "$(inherited) @executable_path/Frameworks";
				PRODUCT_BUNDLE_IDENTIFIER = com.meitu.CoreDataDemo;
				PRODUCT_NAME = "$(TARGET_NAME)";
				PROVISIONING_PROFILE = "ca23f8b9-091b-49e3-b5a9-c6b2fb101eae";
			};
			name = Release;
		};
		31E01C231D743DA70046A524 /* Debug */ = {
			isa = XCBuildConfiguration;
			buildSettings = {
				BUNDLE_LOADER = "$(TEST_HOST)";
				INFOPLIST_FILE = CoreDataDemoTests/Info.plist;
				LD_RUNPATH_SEARCH_PATHS = "$(inherited) @executable_path/Frameworks @loader_path/Frameworks";
				PRODUCT_BUNDLE_IDENTIFIER = com.meitu.CoreDataDemoTests;
				PRODUCT_NAME = "$(TARGET_NAME)";
				TEST_HOST = "$(BUILT_PRODUCTS_DIR)/CoreDataDemo.app/CoreDataDemo";
			};
			name = Debug;
		};
		31E01C241D743DA70046A524 /* Release */ = {
			isa = XCBuildConfiguration;
			buildSettings = {
				BUNDLE_LOADER = "$(TEST_HOST)";
				INFOPLIST_FILE = CoreDataDemoTests/Info.plist;
				LD_RUNPATH_SEARCH_PATHS = "$(inherited) @executable_path/Frameworks @loader_path/Frameworks";
				PRODUCT_BUNDLE_IDENTIFIER = com.meitu.CoreDataDemoTests;
				PRODUCT_NAME = "$(TARGET_NAME)";
				TEST_HOST = "$(BUILT_PRODUCTS_DIR)/CoreDataDemo.app/CoreDataDemo";
			};
			name = Release;
		};
/* End XCBuildConfiguration section */

/* Begin XCConfigurationList section */
		31E01BF81D743DA60046A524 /* Build configuration list for PBXProject "CoreDataDemo" */ = {
			isa = XCConfigurationList;
			buildConfigurations = (
				31E01C1D1D743DA70046A524 /* Debug */,
				31E01C1E1D743DA70046A524 /* Release */,
			);
			defaultConfigurationIsVisible = 0;
			defaultConfigurationName = Release;
		};
		31E01C1F1D743DA70046A524 /* Build configuration list for PBXNativeTarget "CoreDataDemo" */ = {
			isa = XCConfigurationList;
			buildConfigurations = (
				31E01C201D743DA70046A524 /* Debug */,
				31E01C211D743DA70046A524 /* Release */,
			);
			defaultConfigurationIsVisible = 0;
			defaultConfigurationName = Release;
		};
		31E01C221D743DA70046A524 /* Build configuration list for PBXNativeTarget "CoreDataDemoTests" */ = {
			isa = XCConfigurationList;
			buildConfigurations = (
				31E01C231D743DA70046A524 /* Debug */,
				31E01C241D743DA70046A524 /* Release */,
			);
			defaultConfigurationIsVisible = 0;
			defaultConfigurationName = Release;
		};
/* End XCConfigurationList section */

/* Begin XCVersionGroup section */
		AC741AD51D74738B00C33F35 /* Model.xcdatamodeld */ = {
			isa = XCVersionGroup;
			children = (
				AC741AD61D74738B00C33F35 /* Model.xcdatamodel */,
			);
			currentVersion = AC741AD61D74738B00C33F35 /* Model.xcdatamodel */;
			path = Model.xcdatamodeld;
			sourceTree = "<group>";
			versionGroupType = wrapper.xcdatamodel;
		};
/* End XCVersionGroup section */
	};
	rootObject = 31E01BF51D743DA60046A524 /* Project object */;
}
