// !$*UTF8*$!
{
	archiveVersion = 1;
	classes = {
	};
	objectVersion = 46;
	objects = {

/* Begin PBXBuildFile section */
		316EC60C1D75421B0012C5DF /* Photo+CoreDataProperties.m in Sources */ = {isa = PBXBuildFile; fileRef = 316EC6051D75421B0012C5DF /* Photo+CoreDataProperties.m */; };
		316EC60D1D75421B0012C5DF /* Photo.m in Sources */ = {isa = PBXBuildFile; fileRef = 316EC6071D75421B0012C5DF /* Photo.m */; };
		316EC60E1D75421B0012C5DF /* Usage+CoreDataProperties.m in Sources */ = {isa = PBXBuildFile; fileRef = 316EC6091D75421B0012C5DF /* Usage+CoreDataProperties.m */; };
		316EC60F1D75421B0012C5DF /* Usage.m in Sources */ = {isa = PBXBuildFile; fileRef = 316EC60B1D75421B0012C5DF /* Usage.m */; };
		31E01C021D743DA60046A524 /* main.m in Sources */ = {isa = PBXBuildFile; fileRef = 31E01C011D743DA60046A524 /* main.m */; };
		31E01C051D743DA60046A524 /* AppDelegate.m in Sources */ = {isa = PBXBuildFile; fileRef = 31E01C041D743DA60046A524 /* AppDelegate.m */; };
		31E01C0B1D743DA70046A524 /* Main.storyboard in Resources */ = {isa = PBXBuildFile; fileRef = 31E01C091D743DA60046A524 /* Main.storyboard */; };
		31E01C0D1D743DA70046A524 /* Assets.xcassets in Resources */ = {isa = PBXBuildFile; fileRef = 31E01C0C1D743DA70046A524 /* Assets.xcassets */; };
		31E01C101D743DA70046A524 /* LaunchScreen.storyboard in Resources */ = {isa = PBXBuildFile; fileRef = 31E01C0E1D743DA70046A524 /* LaunchScreen.storyboard */; };
		31E01C1B1D743DA70046A524 /* CoreDataDemoTests.m in Sources */ = {isa = PBXBuildFile; fileRef = 31E01C1A1D743DA70046A524 /* CoreDataDemoTests.m */; };
		AC741A8D1D746FD900C33F35 /* seed.json in Resources */ = {isa = PBXBuildFile; fileRef = AC741A8C1D746FD900C33F35 /* seed.json */; };
		AC741AB51D7470CC00C33F35 /* MKAnnotationView+WebCache.m in Sources */ = {isa = PBXBuildFile; fileRef = AC741A951D7470CC00C33F35 /* MKAnnotationView+WebCache.m */; };
		AC741AB61D7470CC00C33F35 /* NSData+ImageContentType.m in Sources */ = {isa = PBXBuildFile; fileRef = AC741A971D7470CC00C33F35 /* NSData+ImageContentType.m */; };
		AC741AB71D7470CC00C33F35 /* SDImageCache.m in Sources */ = {isa = PBXBuildFile; fileRef = AC741A991D7470CC00C33F35 /* SDImageCache.m */; };
		AC741AB81D7470CC00C33F35 /* SDWebImageCompat.m in Sources */ = {isa = PBXBuildFile; fileRef = AC741A9B1D7470CC00C33F35 /* SDWebImageCompat.m */; };
		AC741AB91D7470CC00C33F35 /* SDWebImageDecoder.m in Sources */ = {isa = PBXBuildFile; fileRef = AC741A9D1D7470CC00C33F35 /* SDWebImageDecoder.m */; };
		AC741ABA1D7470CC00C33F35 /* SDWebImageDownloader.m in Sources */ = {isa = PBXBuildFile; fileRef = AC741A9F1D7470CC00C33F35 /* SDWebImageDownloader.m */; };
		AC741ABB1D7470CC00C33F35 /* SDWebImageDownloaderOperation.m in Sources */ = {isa = PBXBuildFile; fileRef = AC741AA11D7470CC00C33F35 /* SDWebImageDownloaderOperation.m */; };
		AC741ABC1D7470CC00C33F35 /* SDWebImageManager.m in Sources */ = {isa = PBXBuildFile; fileRef = AC741AA31D7470CC00C33F35 /* SDWebImageManager.m */; };
		AC741ABD1D7470CC00C33F35 /* SDWebImagePrefetcher.m in Sources */ = {isa = PBXBuildFile; fileRef = AC741AA61D7470CC00C33F35 /* SDWebImagePrefetcher.m */; };
		AC741ABE1D7470CC00C33F35 /* UIButton+WebCache.m in Sources */ = {isa = PBXBuildFile; fileRef = AC741AA81D7470CC00C33F35 /* UIButton+WebCache.m */; };
		AC741ABF1D7470CC00C33F35 /* UIImage+GIF.m in Sources */ = {isa = PBXBuildFile; fileRef = AC741AAA1D7470CC00C33F35 /* UIImage+GIF.m */; };
		AC741AC01D7470CC00C33F35 /* UIImage+MultiFormat.m in Sources */ = {isa = PBXBuildFile; fileRef = AC741AAC1D7470CC00C33F35 /* UIImage+MultiFormat.m */; };
		AC741AC11D7470CC00C33F35 /* UIImage+WebP.m in Sources */ = {isa = PBXBuildFile; fileRef = AC741AAE1D7470CC00C33F35 /* UIImage+WebP.m */; };
		AC741AC21D7470CC00C33F35 /* UIImageView+HighlightedWebCache.m in Sources */ = {isa = PBXBuildFile; fileRef = AC741AB01D7470CC00C33F35 /* UIImageView+HighlightedWebCache.m */; };
		AC741AC31D7470CC00C33F35 /* UIImageView+WebCache.m in Sources */ = {isa = PBXBuildFile; fileRef = AC741AB21D7470CC00C33F35 /* UIImageView+WebCache.m */; };
		AC741AC41D7470CC00C33F35 /* UIView+WebCacheOperation.m in Sources */ = {isa = PBXBuildFile; fileRef = AC741AB41D7470CC00C33F35 /* UIView+WebCacheOperation.m */; };
		AC741ACD1D7471FA00C33F35 /* PhotoTableViewController.m in Sources */ = {isa = PBXBuildFile; fileRef = AC741ACC1D7471FA00C33F35 /* PhotoTableViewController.m */; };
		AC741AD01D74720600C33F35 /* CategoryTableViewController.m in Sources */ = {isa = PBXBuildFile; fileRef = AC741ACF1D74720600C33F35 /* CategoryTableViewController.m */; };
		AC741AD41D74735100C33F35 /* CoreDataStack.m in Sources */ = {isa = PBXBuildFile; fileRef = AC741AD31D74735100C33F35 /* CoreDataStack.m */; };
		AC741AD71D74738B00C33F35 /* Model.xcdatamodeld in Sources */ = {isa = PBXBuildFile; fileRef = AC741AD51D74738B00C33F35 /* Model.xcdatamodeld */; };
/* End PBXBuildFile section */

/* Begin PBXContainerItemProxy section */
		31E01C171D743DA70046A524 /* PBXContainerItemProxy */ = {
			isa = PBXContainerItemProxy;
			containerPortal = 31E01BF51D743DA60046A524 /* Project object */;
			proxyType = 1;
			remoteGlobalIDString = 31E01BFC1D743DA60046A524;
			remoteInfo = CoreDataDemo;
		};
/* End PBXContainerItemProxy section */

/* Begin PBXFileReference section */
		316EC6041D75421B0012C5DF /* Photo+CoreDataProperties.h */ = {isa = PBXFileReference; fileEncoding = 4; lastKnownFileType = sourcecode.c.h; path = "Photo+CoreDataProperties.h"; sourceTree = "<group>"; };
		316EC6051D75421B0012C5DF /* Photo+CoreDataProperties.m */ = {isa = PBXFileReference; fileEncoding = 4; lastKnownFileType = sourcecode.c.objc; path = "Photo+CoreDataProperties.m"; sourceTree = "<group>"; };
		316EC6061D75421B0012C5DF /* Photo.h */ = {isa = PBXFileReference; fileEncoding = 4; lastKnownFileType = sourcecode.c.h; path = Photo.h; sourceTree = "<group>"; };
		316EC6071D75421B0012C5DF /* Photo.m */ = {isa = PBXFileReference; fileEncoding = 4; lastKnownFileType = sourcecode.c.objc; path = Photo.m; sourceTree = "<group>"; };
		316EC6081D75421B0012C5DF /* Usage+CoreDataProperties.h */ = {isa = PBXFileReference; fileEncoding = 4; lastKnownFileType = sourcecode.c.h; path = "Usage+CoreDataProperties.h"; sourceTree = "<group>"; };
		316EC6091D75421B0012C5DF /* Usage+CoreDataProperties.m */ = {isa = PBXFileReference; fileEncoding = 4; lastKnownFileType = sourcecode.c.objc; path = "Usage+CoreDataProperties.m"; sourceTree = "<group>"; };
		316EC60A1D75421B0012C5DF /* Usage.h */ = {isa = PBXFileReference; fileEncoding = 4; lastKnownFileType = sourcecode.c.h; path = Usage.h; sourceTree = "<group>"; };
		316EC60B1D75421B0012C5DF /* Usage.m */ = {isa = PBXFileReference; fileEncoding = 4; lastKnownFileType = sourcecode.c.objc; path = Usage.m; sourceTree = "<group>"; };
		31E01BFD1D743DA60046A524 /* CoreDataDemo.app */ = {isa = PBXFileReference; explicitFileType = wrapper.application; includeInIndex = 0; path = CoreDataDemo.app; sourceTree = BUILT_PRODUCTS_DIR; };
		31E01C011D743DA60046A524 /* main.m */ = {isa = PBXFileReference; lastKnownFileType = sourcecode.c.objc; path = main.m; sourceTree = "<group>"; };
		31E01C031D743DA60046A524 /* AppDelegate.h */ = {isa = PBXFileReference; lastKnownFileType = sourcecode.c.h; path = AppDelegate.h; sourceTree = "<group>"; };
		31E01C041D743DA60046A524 /* AppDelegate.m */ = {isa = PBXFileReference; lastKnownFileType = sourcecode.c.objc; path = AppDelegate.m; sourceTree = "<group>"; };
		31E01C0A1D743DA70046A524 /* Base */ = {isa = PBXFileReference; lastKnownFileType = file.storyboard; name = Base; path = Base.lproj/Main.storyboard; sourceTree = "<group>"; };
		31E01C0C1D743DA70046A524 /* Assets.xcassets */ = {isa = PBXFileReference; lastKnownFileType = folder.assetcatalog; path = Assets.xcassets; sourceTree = "<group>"; };
		31E01C0F1D743DA70046A524 /* Base */ = {isa = PBXFileReference; lastKnownFileType = file.storyboard; name = Base; path = Base.lproj/LaunchScreen.storyboard; sourceTree = "<group>"; };
		31E01C111D743DA70046A524 /* Info.plist */ = {isa = PBXFileReference; lastKnownFileType = text.plist.xml; path = Info.plist; sourceTree = "<group>"; };
		31E01C161D743DA70046A524 /* CoreDataDemoTests.xctest */ = {isa = PBXFileReference; explicitFileType = wrapper.cfbundle; includeInIndex = 0; path = CoreDataDemoTests.xctest; sourceTree = BUILT_PRODUCTS_DIR; };
		31E01C1A1D743DA70046A524 /* CoreDataDemoTests.m */ = {isa = PBXFileReference; lastKnownFileType = sourcecode.c.objc; path = CoreDataDemoTests.m; sourceTree = "<group>"; };
		31E01C1C1D743DA70046A524 /* Info.plist */ = {isa = PBXFileReference; lastKnownFileType = text.plist.xml; path = Info.plist; sourceTree = "<group>"; };
		AC741A8C1D746FD900C33F35 /* seed.json */ = {isa = PBXFileReference; fileEncoding = 4; lastKnownFileType = text.json; path = seed.json; sourceTree = "<group>"; };
		AC741A941D7470CC00C33F35 /* MKAnnotationView+WebCache.h */ = {isa = PBXFileReference; fileEncoding = 4; lastKnownFileType = sourcecode.c.h; path = "MKAnnotationView+WebCache.h"; sourceTree = "<group>"; };
		AC741A951D7470CC00C33F35 /* MKAnnotationView+WebCache.m */ = {isa = PBXFileReference; fileEncoding = 4; lastKnownFileType = sourcecode.c.objc; path = "MKAnnotationView+WebCache.m"; sourceTree = "<group>"; };
		AC741A961D7470CC00C33F35 /* NSData+ImageContentType.h */ = {isa = PBXFileReference; fileEncoding = 4; lastKnownFileType = sourcecode.c.h; path = "NSData+ImageContentType.h"; sourceTree = "<group>"; };
		AC741A971D7470CC00C33F35 /* NSData+ImageContentType.m */ = {isa = PBXFileReference; fileEncoding = 4; lastKnownFileType = sourcecode.c.objc; path = "NSData+ImageContentType.m"; sourceTree = "<group>"; };
		AC741A981D7470CC00C33F35 /* SDImageCache.h */ = {isa = PBXFileReference; fileEncoding = 4; lastKnownFileType = sourcecode.c.h; path = SDImageCache.h; sourceTree = "<group>"; };
		AC741A991D7470CC00C33F35 /* SDImageCache.m */ = {isa = PBXFileReference; fileEncoding = 4; lastKnownFileType = sourcecode.c.objc; path = SDImageCache.m; sourceTree = "<group>"; };
		AC741A9A1D7470CC00C33F35 /* SDWebImageCompat.h */ = {isa = PBXFileReference; fileEncoding = 4; lastKnownFileType = sourcecode.c.h; path = SDWebImageCompat.h; sourceTree = "<group>"; };
		AC741A9B1D7470CC00C33F35 /* SDWebImageCompat.m */ = {isa = PBXFileReference; fileEncoding = 4; lastKnownFileType = sourcecode.c.objc; path = SDWebImageCompat.m; sourceTree = "<group>"; };
		AC741A9C1D7470CC00C33F35 /* SDWebImageDecoder.h */ = {isa = PBXFileReference; fileEncoding = 4; lastKnownFileType = sourcecode.c.h; path = SDWebImageDecoder.h; sourceTree = "<group>"; };
		AC741A9D1D7470CC00C33F35 /* SDWebImageDecoder.m */ = {isa = PBXFileReference; fileEncoding = 4; lastKnownFileType = sourcecode.c.objc; path = SDWebImageDecoder.m; sourceTree = "<group>"; };
		AC741A9E1D7470CC00C33F35 /* SDWebImageDownloader.h */ = {isa = PBXFileReference; fileEncoding = 4; lastKnownFileType = sourcecode.c.h; path = SDWebImageDownloader.h; sourceTree = "<group>"; };
		AC741A9F1D7470CC00C33F35 /* SDWebImageDownloader.m */ = {isa = PBXFileReference; fileEncoding = 4; lastKnownFileType = sourcecode.c.objc; path = SDWebImageDownloader.m; sourceTree = "<group>"; };
		AC741AA01D7470CC00C33F35 /* SDWebImageDownloaderOperation.h */ = {isa = PBXFileReference; fileEncoding = 4; lastKnownFileType = sourcecode.c.h; path = SDWebImageDownloaderOperation.h; sourceTree = "<group>"; };
		AC741AA11D7470CC00C33F35 /* SDWebImageDownloaderOperation.m */ = {isa = PBXFileReference; fileEncoding = 4; lastKnownFileType = sourcecode.c.objc; path = SDWebImageDownloaderOperation.m; sourceTree = "<group>"; };
		AC741AA21D7470CC00C33F35 /* SDWebImageManager.h */ = {isa = PBXFileReference; fileEncoding = 4; lastKnownFileType = sourcecode.c.h; path = SDWebImageManager.h; sourceTree = "<group>"; };
		AC741AA31D7470CC00C33F35 /* SDWebImageManager.m */ = {isa = PBXFileReference; fileEncoding = 4; lastKnownFileType = sourcecode.c.objc; path = SDWebImageManager.m; sourceTree = "<group>"; };
		AC741AA41D7470CC00C33F35 /* SDWebImageOperation.h */ = {isa = PBXFileReference; fileEncoding = 4; lastKnownFileType = sourcecode.c.h; path = SDWebImageOperation.h; sourceTree = "<group>"; };
		AC741AA51D7470CC00C33F35 /* SDWebImagePrefetcher.h */ = {isa = PBXFileReference; fileEncoding = 4; lastKnownFileType = sourcecode.c.h; path = SDWebImagePrefetcher.h; sourceTree = "<group>"; };
		AC741AA61D7470CC00C33F35 /* SDWebImagePrefetcher.m */ = {isa = PBXFileReference; fileEncoding = 4; lastKnownFileType = sourcecode.c.objc; path = SDWebImagePrefetcher.m; sourceTree = "<group>"; };
		AC741AA71D7470CC00C33F35 /* UIButton+WebCache.h */ = {isa = PBXFileReference; fileEncoding = 4; lastKnownFileType = sourcecode.c.h; path = "UIButton+WebCache.h"; sourceTree = "<group>"; };
		AC741AA81D7470CC00C33F35 /* UIButton+WebCache.m */ = {isa = PBXFileReference; fileEncoding = 4; lastKnownFileType = sourcecode.c.objc; path = "UIButton+WebCache.m"; sourceTree = "<group>"; };
		AC741AA91D7470CC00C33F35 /* UIImage+GIF.h */ = {isa = PBXFileReference; fileEncoding = 4; lastKnownFileType = sourcecode.c.h; path = "UIImage+GIF.h"; sourceTree = "<group>"; };
		AC741AAA1D7470CC00C33F35 /* UIImage+GIF.m */ = {isa = PBXFileReference; fileEncoding = 4; lastKnownFileType = sourcecode.c.objc; path = "UIImage+GIF.m"; sourceTree = "<group>"; };
		AC741AAB1D7470CC00C33F35 /* UIImage+MultiFormat.h */ = {isa = PBXFileReference; fileEncoding = 4; lastKnownFileType = sourcecode.c.h; path = "UIImage+MultiFormat.h"; sourceTree = "<group>"; };
		AC741AAC1D7470CC00C33F35 /* UIImage+MultiFormat.m */ = {isa = PBXFileReference; fileEncoding = 4; lastKnownFileType = sourcecode.c.objc; path = "UIImage+MultiFormat.m"; sourceTree = "<group>"; };
		AC741AAD1D7470CC00C33F35 /* UIImage+WebP.h */ = {isa = PBXFileReference; fileEncoding = 4; lastKnownFileType = sourcecode.c.h; path = "UIImage+WebP.h"; sourceTree = "<group>"; };
		AC741AAE1D7470CC00C33F35 /* UIImage+WebP.m */ = {isa = PBXFileReference; fileEncoding = 4; lastKnownFileType = sourcecode.c.objc; path = "UIImage+WebP.m"; sourceTree = "<group>"; };
		AC741AAF1D7470CC00C33F35 /* UIImageView+HighlightedWebCache.h */ = {isa = PBXFileReference; fileEncoding = 4; lastKnownFileType = sourcecode.c.h; path = "UIImageView+HighlightedWebCache.h"; sourceTree = "<group>"; };
		AC741AB01D7470CC00C33F35 /* UIImageView+HighlightedWebCache.m */ = {isa = PBXFileReference; fileEncoding = 4; lastKnownFileType = sourcecode.c.objc; path = "UIImageView+HighlightedWebCache.m"; sourceTree = "<group>"; };
		AC741AB11D7470CC00C33F35 /* UIImageView+WebCache.h */ = {isa = PBXFileReference; fileEncoding = 4; lastKnownFileType = sourcecode.c.h; path = "UIImageView+WebCache.h"; sourceTree = "<group>"; };
		AC741AB21D7470CC00C33F35 /* UIImageView+WebCache.m */ = {isa = PBXFileReference; fileEncoding = 4; lastKnownFileType = sourcecode.c.objc; path = "UIImageView+WebCache.m"; sourceTree = "<group>"; };
		AC741AB31D7470CC00C33F35 /* UIView+WebCacheOperation.h */ = {isa = PBXFileReference; fileEncoding = 4; lastKnownFileType = sourcecode.c.h; path = "UIView+WebCacheOperation.h"; sourceTree = "<group>"; };
		AC741AB41D7470CC00C33F35 /* UIView+WebCacheOperation.m */ = {isa = PBXFileReference; fileEncoding = 4; lastKnownFileType = sourcecode.c.objc; path = "UIView+WebCacheOperation.m"; sourceTree = "<group>"; };
		AC741ACB1D7471FA00C33F35 /* PhotoTableViewController.h */ = {isa = PBXFileReference; fileEncoding = 4; lastKnownFileType = sourcecode.c.h; path = PhotoTableViewController.h; sourceTree = "<group>"; };
		AC741ACC1D7471FA00C33F35 /* PhotoTableViewController.m */ = {isa = PBXFileReference; fileEncoding = 4; lastKnownFileType = sourcecode.c.objc; path = PhotoTableViewController.m; sourceTree = "<group>"; };
		AC741ACE1D74720600C33F35 /* CategoryTableViewController.h */ = {isa = PBXFileReference; fileEncoding = 4; lastKnownFileType = sourcecode.c.h; path = CategoryTableViewController.h; sourceTree = "<group>"; };
		AC741ACF1D74720600C33F35 /* CategoryTableViewController.m */ = {isa = PBXFileReference; fileEncoding = 4; lastKnownFileType = sourcecode.c.objc; path = CategoryTableViewController.m; sourceTree = "<group>"; };
		AC741AD21D74735100C33F35 /* CoreDataStack.h */ = {isa = PBXFileReference; fileEncoding = 4; lastKnownFileType = sourcecode.c.h; path = CoreDataStack.h; sourceTree = "<group>"; };
		AC741AD31D74735100C33F35 /* CoreDataStack.m */ = {isa = PBXFileReference; fileEncoding = 4; lastKnownFileType = sourcecode.c.objc; path = CoreDataStack.m; sourceTree = "<group>"; };
		AC741AD61D74738B00C33F35 /* Model.xcdatamodel */ = {isa = PBXFileReference; lastKnownFileType = wrapper.xcdatamodel; path = Model.xcdatamodel; sourceTree = "<group>"; };
/* End PBXFileReference section */

/* Begin PBXFrameworksBuildPhase section */
		31E01BFA1D743DA60046A524 /* Frameworks */ = {
			isa = PBXFrameworksBuildPhase;
			buildActionMask = 2147483647;
			files = (
			);
			runOnlyForDeploymentPostprocessing = 0;
		};
		31E01C131D743DA70046A524 /* Frameworks */ = {
			isa = PBXFrameworksBuildPhase;
			buildActionMask = 2147483647;
			files = (
			);
			runOnlyForDeploymentPostprocessing = 0;
		};
/* End PBXFrameworksBuildPhase section */

/* Begin PBXGroup section */
		31E01BF41D743DA60046A524 = {
			isa = PBXGroup;
			children = (
				31E01BFF1D743DA60046A524 /* CoreDataDemo */,
				31E01C191D743DA70046A524 /* CoreDataDemoTests */,
				31E01BFE1D743DA60046A524 /* Products */,
			);
			sourceTree = "<group>";
		};
		31E01BFE1D743DA60046A524 /* Products */ = {
			isa = PBXGroup;
			children = (
				31E01BFD1D743DA60046A524 /* CoreDataDemo.app */,
				31E01C161D743DA70046A524 /* CoreDataDemoTests.xctest */,
			);
			name = Products;
			sourceTree = "<group>";
		};
		31E01BFF1D743DA60046A524 /* CoreDataDemo */ = {
			isa = PBXGroup;
			children = (
				31E01C031D743DA60046A524 /* AppDelegate.h */,
				31E01C041D743DA60046A524 /* AppDelegate.m */,
				AC741A921D74709900C33F35 /* Vendors */,
				AC741AD11D74731400C33F35 /* General */,
				AC741A8E1D74707500C33F35 /* Models */,
				AC741A911D74707500C33F35 /* Views */,
				AC741A901D74707500C33F35 /* ViewControllers */,
				31E01C001D743DA60046A524 /* Supporting Files */,
			);
			path = CoreDataDemo;
			sourceTree = "<group>";
		};
		31E01C001D743DA60046A524 /* Supporting Files */ = {
			isa = PBXGroup;
			children = (
				AC741A8C1D746FD900C33F35 /* seed.json */,
				31E01C091D743DA60046A524 /* Main.storyboard */,
				31E01C0C1D743DA70046A524 /* Assets.xcassets */,
				31E01C0E1D743DA70046A524 /* LaunchScreen.storyboard */,
				31E01C111D743DA70046A524 /* Info.plist */,
				31E01C011D743DA60046A524 /* main.m */,
				AC741AD51D74738B00C33F35 /* Model.xcdatamodeld */,
			);
			name = "Supporting Files";
			sourceTree = "<group>";
		};
		31E01C191D743DA70046A524 /* CoreDataDemoTests */ = {
			isa = PBXGroup;
			children = (
				31E01C1A1D743DA70046A524 /* CoreDataDemoTests.m */,
				31E01C1C1D743DA70046A524 /* Info.plist */,
			);
			path = CoreDataDemoTests;
			sourceTree = "<group>";
		};
		AC741A8E1D74707500C33F35 /* Models */ = {
			isa = PBXGroup;
			children = (
				316EC6041D75421B0012C5DF /* Photo+CoreDataProperties.h */,
				316EC6051D75421B0012C5DF /* Photo+CoreDataProperties.m */,
				316EC6061D75421B0012C5DF /* Photo.h */,
				316EC6071D75421B0012C5DF /* Photo.m */,
				316EC6081D75421B0012C5DF /* Usage+CoreDataProperties.h */,
				316EC6091D75421B0012C5DF /* Usage+CoreDataProperties.m */,
				316EC60A1D75421B0012C5DF /* Usage.h */,
				316EC60B1D75421B0012C5DF /* Usage.m */,
			);
			path = Models;
			sourceTree = "<group>";
		};
		AC741A901D74707500C33F35 /* ViewControllers */ = {
			isa = PBXGroup;
			children = (
				AC741ACB1D7471FA00C33F35 /* PhotoTableViewController.h */,
				AC741ACC1D7471FA00C33F35 /* PhotoTableViewController.m */,
				AC741ACE1D74720600C33F35 /* CategoryTableViewController.h */,
				AC741ACF1D74720600C33F35 /* CategoryTableViewController.m */,
			);
			path = ViewControllers;
			sourceTree = "<group>";
		};
		AC741A911D74707500C33F35 /* Views */ = {
			isa = PBXGroup;
			children = (
			);
			path = Views;
			sourceTree = "<group>";
		};
		AC741A921D74709900C33F35 /* Vendors */ = {
			isa = PBXGroup;
			children = (
				AC741A931D7470CC00C33F35 /* SDWebImage */,
			);
			path = Vendors;
			sourceTree = "<group>";
		};
		AC741A931D7470CC00C33F35 /* SDWebImage */ = {
			isa = PBXGroup;
			children = (
				AC741A941D7470CC00C33F35 /* MKAnnotationView+WebCache.h */,
				AC741A951D7470CC00C33F35 /* MKAnnotationView+WebCache.m */,
				AC741A961D7470CC00C33F35 /* NSData+ImageContentType.h */,
				AC741A971D7470CC00C33F35 /* NSData+ImageContentType.m */,
				AC741A981D7470CC00C33F35 /* SDImageCache.h */,
				AC741A991D7470CC00C33F35 /* SDImageCache.m */,
				AC741A9A1D7470CC00C33F35 /* SDWebImageCompat.h */,
				AC741A9B1D7470CC00C33F35 /* SDWebImageCompat.m */,
				AC741A9C1D7470CC00C33F35 /* SDWebImageDecoder.h */,
				AC741A9D1D7470CC00C33F35 /* SDWebImageDecoder.m */,
				AC741A9E1D7470CC00C33F35 /* SDWebImageDownloader.h */,
				AC741A9F1D7470CC00C33F35 /* SDWebImageDownloader.m */,
				AC741AA01D7470CC00C33F35 /* SDWebImageDownloaderOperation.h */,
				AC741AA11D7470CC00C33F35 /* SDWebImageDownloaderOperation.m */,
				AC741AA21D7470CC00C33F35 /* SDWebImageManager.h */,
				AC741AA31D7470CC00C33F35 /* SDWebImageManager.m */,
				AC741AA41D7470CC00C33F35 /* SDWebImageOperation.h */,
				AC741AA51D7470CC00C33F35 /* SDWebImagePrefetcher.h */,
				AC741AA61D7470CC00C33F35 /* SDWebImagePrefetcher.m */,
				AC741AA71D7470CC00C33F35 /* UIButton+WebCache.h */,
				AC741AA81D7470CC00C33F35 /* UIButton+WebCache.m */,
				AC741AA91D7470CC00C33F35 /* UIImage+GIF.h */,
				AC741AAA1D7470CC00C33F35 /* UIImage+GIF.m */,
				AC741AAB1D7470CC00C33F35 /* UIImage+MultiFormat.h */,
				AC741AAC1D7470CC00C33F35 /* UIImage+MultiFormat.m */,
				AC741AAD1D7470CC00C33F35 /* UIImage+WebP.h */,
				AC741AAE1D7470CC00C33F35 /* UIImage+WebP.m */,
				AC741AAF1D7470CC00C33F35 /* UIImageView+HighlightedWebCache.h */,
				AC741AB01D7470CC00C33F35 /* UIImageView+HighlightedWebCache.m */,
				AC741AB11D7470CC00C33F35 /* UIImageView+WebCache.h */,
				AC741AB21D7470CC00C33F35 /* UIImageView+WebCache.m */,
				AC741AB31D7470CC00C33F35 /* UIView+WebCacheOperation.h */,
				AC741AB41D7470CC00C33F35 /* UIView+WebCacheOperation.m */,
			);
			path = SDWebImage;
			sourceTree = "<group>";
		};
		AC741AD11D74731400C33F35 /* General */ = {
			isa = PBXGroup;
			children = (
				AC741AD21D74735100C33F35 /* CoreDataStack.h */,
				AC741AD31D74735100C33F35 /* CoreDataStack.m */,
			);
			path = General;
			sourceTree = "<group>";
		};
/* End PBXGroup section */

/* Begin PBXNativeTarget section */
		31E01BFC1D743DA60046A524 /* CoreDataDemo */ = {
			isa = PBXNativeTarget;
			buildConfigurationList = 31E01C1F1D743DA70046A524 /* Build configuration list for PBXNativeTarget "CoreDataDemo" */;
			buildPhases = (
				31E01BF91D743DA60046A524 /* Sources */,
				31E01BFA1D743DA60046A524 /* Frameworks */,
				31E01BFB1D743DA60046A524 /* Resources */,
			);
			buildRules = (
			);
			dependencies = (
			);
			name = CoreDataDemo;
			productName = CoreDataDemo;
			productReference = 31E01BFD1D743DA60046A524 /* CoreDataDemo.app */;
			productType = "com.apple.product-type.application";
		};
		31E01C151D743DA70046A524 /* CoreDataDemoTests */ = {
			isa = PBXNativeTarget;
			buildConfigurationList = 31E01C221D743DA70046A524 /* Build configuration list for PBXNativeTarget "CoreDataDemoTests" */;
			buildPhases = (
				31E01C121D743DA70046A524 /* Sources */,
				31E01C131D743DA70046A524 /* Frameworks */,
				31E01C141D743DA70046A524 /* Resources */,
			);
			buildRules = (
			);
			dependencies = (
				31E01C181D743DA70046A524 /* PBXTargetDependency */,
			);
			name = CoreDataDemoTests;
			productName = CoreDataDemoTests;
			productReference = 31E01C161D743DA70046A524 /* CoreDataDemoTests.xctest */;
			productType = "com.apple.product-type.bundle.unit-test";
		};
/* End PBXNativeTarget section */

/* Begin PBXProject section */
		31E01BF51D743DA60046A524 /* Project object */ = {
			isa = PBXProject;
			attributes = {
				LastUpgradeCheck = 0730;
				ORGANIZATIONNAME = LinPeihuang;
				TargetAttributes = {
					31E01BFC1D743DA60046A524 = {
						CreatedOnToolsVersion = 7.3.1;
					};
					31E01C151D743DA70046A524 = {
						CreatedOnToolsVersion = 7.3.1;
						TestTargetID = 31E01BFC1D743DA60046A524;
					};
				};
			};
			buildConfigurationList = 31E01BF81D743DA60046A524 /* Build configuration list for PBXProject "CoreDataDemo" */;
			compatibilityVersion = "Xcode 3.2";
			developmentRegion = English;
			hasScannedForEncodings = 0;
			knownRegions = (
				en,
				Base,
			);
			mainGroup = 31E01BF41D743DA60046A524;
			productRefGroup = 31E01BFE1D743DA60046A524 /* Products */;
			projectDirPath = "";
			projectRoot = "";
			targets = (
				31E01BFC1D743DA60046A524 /* CoreDataDemo */,
				31E01C151D743DA70046A524 /* CoreDataDemoTests */,
			);
		};
/* End PBXProject section */

/* Begin PBXResourcesBuildPhase section */
		31E01BFB1D743DA60046A524 /* Resources */ = {
			isa = PBXResourcesBuildPhase;
			buildActionMask = 2147483647;
			files = (
				31E01C101D743DA70046A524 /* LaunchScreen.storyboard in Resources */,
				31E01C0D1D743DA70046A524 /* Assets.xcassets in Resources */,
				AC741A8D1D746FD900C33F35 /* seed.json in Resources */,
				31E01C0B1D743DA70046A524 /* Main.storyboard in Resources */,
			);
			runOnlyForDeploymentPostprocessing = 0;
		};
		31E01C141D743DA70046A524 /* Resources */ = {
			isa = PBXResourcesBuildPhase;
			buildActionMask = 2147483647;
			files = (
			);
			runOnlyForDeploymentPostprocessing = 0;
		};
/* End PBXResourcesBuildPhase section */

/* Begin PBXSourcesBuildPhase section */
		31E01BF91D743DA60046A524 /* Sources */ = {
			isa = PBXSourcesBuildPhase;
			buildActionMask = 2147483647;
			files = (
				AC741ABF1D7470CC00C33F35 /* UIImage+GIF.m in Sources */,
				AC741ABA1D7470CC00C33F35 /* SDWebImageDownloader.m in Sources */,
				AC741AD41D74735100C33F35 /* CoreDataStack.m in Sources */,
				AC741AC21D7470CC00C33F35 /* UIImageView+HighlightedWebCache.m in Sources */,
				AC741ABE1D7470CC00C33F35 /* UIButton+WebCache.m in Sources */,
				AC741AC31D7470CC00C33F35 /* UIImageView+WebCache.m in Sources */,
				AC741AB91D7470CC00C33F35 /* SDWebImageDecoder.m in Sources */,
				31E01C051D743DA60046A524 /* AppDelegate.m in Sources */,
				316EC60C1D75421B0012C5DF /* Photo+CoreDataProperties.m in Sources */,
				316EC60F1D75421B0012C5DF /* Usage.m in Sources */,
				AC741AB81D7470CC00C33F35 /* SDWebImageCompat.m in Sources */,
				AC741AD71D74738B00C33F35 /* Model.xcdatamodeld in Sources */,
				316EC60E1D75421B0012C5DF /* Usage+CoreDataProperties.m in Sources */,
				31E01C021D743DA60046A524 /* main.m in Sources */,
				316EC60D1D75421B0012C5DF /* Photo.m in Sources */,
				AC741AC11D7470CC00C33F35 /* UIImage+WebP.m in Sources */,
				AC741AB61D7470CC00C33F35 /* NSData+ImageContentType.m in Sources */,
				AC741ABB1D7470CC00C33F35 /* SDWebImageDownloaderOperation.m in Sources */,
				AC741ABC1D7470CC00C33F35 /* SDWebImageManager.m in Sources */,
				AC741ACD1D7471FA00C33F35 /* PhotoTableViewController.m in Sources */,
				AC741AC01D7470CC00C33F35 /* UIImage+MultiFormat.m in Sources */,
				AC741ABD1D7470CC00C33F35 /* SDWebImagePrefetcher.m in Sources */,
				AC741AB51D7470CC00C33F35 /* MKAnnotationView+WebCache.m in Sources */,
				AC741AC41D7470CC00C33F35 /* UIView+WebCacheOperation.m in Sources */,
				AC741AB71D7470CC00C33F35 /* SDImageCache.m in Sources */,
				AC741AD01D74720600C33F35 /* CategoryTableViewController.m in Sources */,
			);
			runOnlyForDeploymentPostprocessing = 0;
		};
		31E01C121D743DA70046A524 /* Sources */ = {
			isa = PBXSourcesBuildPhase;
			buildActionMask = 2147483647;
			files = (
				31E01C1B1D743DA70046A524 /* CoreDataDemoTests.m in Sources */,
			);
			runOnlyForDeploymentPostprocessing = 0;
		};
/* End PBXSourcesBuildPhase section */

/* Begin PBXTargetDependency section */
		31E01C181D743DA70046A524 /* PBXTargetDependency */ = {
			isa = PBXTargetDependency;
			target = 31E01BFC1D743DA60046A524 /* CoreDataDemo */;
			targetProxy = 31E01C171D743DA70046A524 /* PBXContainerItemProxy */;
		};
/* End PBXTargetDependency section */

/* Begin PBXVariantGroup section */
		31E01C091D743DA60046A524 /* Main.storyboard */ = {
			isa = PBXVariantGroup;
			children = (
				31E01C0A1D743DA70046A524 /* Base */,
			);
			name = Main.storyboard;
			sourceTree = "<group>";
		};
		31E01C0E1D743DA70046A524 /* LaunchScreen.storyboard */ = {
			isa = PBXVariantGroup;
			children = (
				31E01C0F1D743DA70046A524 /* Base */,
			);
			name = LaunchScreen.storyboard;
			sourceTree = "<group>";
		};
/* End PBXVariantGroup section */

/* Begin XCBuildConfiguration section */
		31E01C1D1D743DA70046A524 /* Debug */ = {
			isa = XCBuildConfiguration;
			buildSettings = {
				ALWAYS_SEARCH_USER_PATHS = NO;
				CLANG_ANALYZER_NONNULL = YES;
				CLANG_CXX_LANGUAGE_STANDARD = "gnu++0x";
				CLANG_CXX_LIBRARY = "libc++";
				CLANG_ENABLE_MODULES = YES;
				CLANG_ENABLE_OBJC_ARC = YES;
				CLANG_WARN_BOOL_CONVERSION = YES;
				CLANG_WARN_CONSTANT_CONVERSION = YES;
				CLANG_WARN_DIRECT_OBJC_ISA_USAGE = YES_ERROR;
				CLANG_WARN_EMPTY_BODY = YES;
				CLANG_WARN_ENUM_CONVERSION = YES;
				CLANG_WARN_INT_CONVERSION = YES;
				CLANG_WARN_OBJC_ROOT_CLASS = YES_ERROR;
				CLANG_WARN_UNREACHABLE_CODE = YES;
				CLANG_WARN__DUPLICATE_METHOD_MATCH = YES;
				"CODE_SIGN_IDENTITY[sdk=iphoneos*]" = "iPhone Developer";
				COPY_PHASE_STRIP = NO;
				DEBUG_INFORMATION_FORMAT = dwarf;
				ENABLE_STRICT_OBJC_MSGSEND = YES;
				ENABLE_TESTABILITY = YES;
				GCC_C_LANGUAGE_STANDARD = gnu99;
				GCC_DYNAMIC_NO_PIC = NO;
				GCC_NO_COMMON_BLOCKS = YES;
				GCC_OPTIMIZATION_LEVEL = 0;
				GCC_PREPROCESSOR_DEFINITIONS = (
					"DEBUG=1",
					"$(inherited)",
				);
				GCC_WARN_64_TO_32_BIT_CONVERSION = YES;
				GCC_WARN_ABOUT_RETURN_TYPE = YES_ERROR;
				GCC_WARN_UNDECLARED_SELECTOR = YES;
				GCC_WARN_UNINITIALIZED_AUTOS = YES_AGGRESSIVE;
				GCC_WARN_UNUSED_FUNCTION = YES;
				GCC_WARN_UNUSED_VARIABLE = YES;
				IPHONEOS_DEPLOYMENT_TARGET = 9.3;
				MTL_ENABLE_DEBUG_INFO = YES;
				ONLY_ACTIVE_ARCH = YES;
				SDKROOT = iphoneos;
			};
			name = Debug;
		};
		31E01C1E1D743DA70046A524 /* Release */ = {
			isa = XCBuildConfiguration;
			buildSettings = {
				ALWAYS_SEARCH_USER_PATHS = NO;
				CLANG_ANALYZER_NONNULL = YES;
				CLANG_CXX_LANGUAGE_STANDARD = "gnu++0x";
				CLANG_CXX_LIBRARY = "libc++";
				CLANG_ENABLE_MODULES = YES;
				CLANG_ENABLE_OBJC_ARC = YES;
				CLANG_WARN_BOOL_CONVERSION = YES;
				CLANG_WARN_CONSTANT_CONVERSION = YES;
				CLANG_WARN_DIRECT_OBJC_ISA_USAGE = YES_ERROR;
				CLANG_WARN_EMPTY_BODY = YES;
				CLANG_WARN_ENUM_CONVERSION = YES;
				CLANG_WARN_INT_CONVERSION = YES;
				CLANG_WARN_OBJC_ROOT_CLASS = YES_ERROR;
				CLANG_WARN_UNREACHABLE_CODE = YES;
				CLANG_WARN__DUPLICATE_METHOD_MATCH = YES;
				"CODE_SIGN_IDENTITY[sdk=iphoneos*]" = "iPhone Developer";
				COPY_PHASE_STRIP = NO;
				DEBUG_INFORMATION_FORMAT = "dwarf-with-dsym";
				ENABLE_NS_ASSERTIONS = NO;
				ENABLE_STRICT_OBJC_MSGSEND = YES;
				GCC_C_LANGUAGE_STANDARD = gnu99;
				GCC_NO_COMMON_BLOCKS = YES;
				GCC_WARN_64_TO_32_BIT_CONVERSION = YES;
				GCC_WARN_ABOUT_RETURN_TYPE = YES_ERROR;
				GCC_WARN_UNDECLARED_SELECTOR = YES;
				GCC_WARN_UNINITIALIZED_AUTOS = YES_AGGRESSIVE;
				GCC_WARN_UNUSED_FUNCTION = YES;
				GCC_WARN_UNUSED_VARIABLE = YES;
				IPHONEOS_DEPLOYMENT_TARGET = 9.3;
				MTL_ENABLE_DEBUG_INFO = NO;
				SDKROOT = iphoneos;
				VALIDATE_PRODUCT = YES;
			};
			name = Release;
		};
		31E01C201D743DA70046A524 /* Debug */ = {
			isa = XCBuildConfiguration;
			buildSettings = {
				ASSETCATALOG_COMPILER_APPICON_NAME = AppIcon;
				INFOPLIST_FILE = CoreDataDemo/Info.plist;
				LD_RUNPATH_SEARCH_PATHS = "$(inherited) @executable_path/Frameworks";
				PRODUCT_BUNDLE_IDENTIFIER = com.meitu.CoreDataDemo;
				PRODUCT_NAME = "$(TARGET_NAME)";
			};
			name = Debug;
		};
		31E01C211D743DA70046A524 /* Release */ = {
			isa = XCBuildConfiguration;
			buildSettings = {
				ASSETCATALOG_COMPILER_APPICON_NAME = AppIcon;
				INFOPLIST_FILE = CoreDataDemo/Info.plist;
				LD_RUNPATH_SEARCH_PATHS = "$(inherited) @executable_path/Frameworks";
				PRODUCT_BUNDLE_IDENTIFIER = com.meitu.CoreDataDemo;
				PRODUCT_NAME = "$(TARGET_NAME)";
			};
			name = Release;
		};
		31E01C231D743DA70046A524 /* Debug */ = {
			isa = XCBuildConfiguration;
			buildSettings = {
				BUNDLE_LOADER = "$(TEST_HOST)";
				INFOPLIST_FILE = CoreDataDemoTests/Info.plist;
				LD_RUNPATH_SEARCH_PATHS = "$(inherited) @executable_path/Frameworks @loader_path/Frameworks";
				PRODUCT_BUNDLE_IDENTIFIER = com.meitu.CoreDataDemoTests;
				PRODUCT_NAME = "$(TARGET_NAME)";
				TEST_HOST = "$(BUILT_PRODUCTS_DIR)/CoreDataDemo.app/CoreDataDemo";
			};
			name = Debug;
		};
		31E01C241D743DA70046A524 /* Release */ = {
			isa = XCBuildConfiguration;
			buildSettings = {
				BUNDLE_LOADER = "$(TEST_HOST)";
				INFOPLIST_FILE = CoreDataDemoTests/Info.plist;
				LD_RUNPATH_SEARCH_PATHS = "$(inherited) @executable_path/Frameworks @loader_path/Frameworks";
				PRODUCT_BUNDLE_IDENTIFIER = com.meitu.CoreDataDemoTests;
				PRODUCT_NAME = "$(TARGET_NAME)";
				TEST_HOST = "$(BUILT_PRODUCTS_DIR)/CoreDataDemo.app/CoreDataDemo";
			};
			name = Release;
		};
/* End XCBuildConfiguration section */

/* Begin XCConfigurationList section */
		31E01BF81D743DA60046A524 /* Build configuration list for PBXProject "CoreDataDemo" */ = {
			isa = XCConfigurationList;
			buildConfigurations = (
				31E01C1D1D743DA70046A524 /* Debug */,
				31E01C1E1D743DA70046A524 /* Release */,
			);
			defaultConfigurationIsVisible = 0;
			defaultConfigurationName = Release;
		};
		31E01C1F1D743DA70046A524 /* Build configuration list for PBXNativeTarget "CoreDataDemo" */ = {
			isa = XCConfigurationList;
			buildConfigurations = (
				31E01C201D743DA70046A524 /* Debug */,
				31E01C211D743DA70046A524 /* Release */,
			);
			defaultConfigurationIsVisible = 0;
			defaultConfigurationName = Release;
		};
		31E01C221D743DA70046A524 /* Build configuration list for PBXNativeTarget "CoreDataDemoTests" */ = {
			isa = XCConfigurationList;
			buildConfigurations = (
				31E01C231D743DA70046A524 /* Debug */,
				31E01C241D743DA70046A524 /* Release */,
			);
			defaultConfigurationIsVisible = 0;
			defaultConfigurationName = Release;
		};
/* End XCConfigurationList section */

/* Begin XCVersionGroup section */
		AC741AD51D74738B00C33F35 /* Model.xcdatamodeld */ = {
			isa = XCVersionGroup;
			children = (
				AC741AD61D74738B00C33F35 /* Model.xcdatamodel */,
			);
			currentVersion = AC741AD61D74738B00C33F35 /* Model.xcdatamodel */;
			path = Model.xcdatamodeld;
			sourceTree = "<group>";
			versionGroupType = wrapper.xcdatamodel;
		};
/* End XCVersionGroup section */
	};
	rootObject = 31E01BF51D743DA60046A524 /* Project object */;
}
